<?xml version="1.0" encoding="utf-8"?>
<Project ToolsVersion="4.0" xmlns="http://schemas.microsoft.com/developer/msbuild/2003">
  <ItemGroup>
    <Filter Include="Math">
      <UniqueIdentifier>{d733dcc1-b469-4ca4-89c6-8702bf4077fb}</UniqueIdentifier>
    </Filter>
    <Filter Include="Core">
      <UniqueIdentifier>{d938ef0b-68be-4bed-9f82-77adc96992be}</UniqueIdentifier>
    </Filter>
    <Filter Include="Renderer">
      <UniqueIdentifier>{fb4d5a0b-564d-4b49-b3da-83afb58d8a22}</UniqueIdentifier>
    </Filter>
    <Filter Include="Input">
      <UniqueIdentifier>{2eaa82f2-f67a-40f9-b8b7-fe8b5f388013}</UniqueIdentifier>
    </Filter>
    <Filter Include="Audio">
      <UniqueIdentifier>{2ca48fab-d5ea-472f-98c8-a646a5353377}</UniqueIdentifier>
    </Filter>
    <Filter Include="ThirdParty">
      <UniqueIdentifier>{d734db42-a75a-4a80-b918-d396b291454b}</UniqueIdentifier>
    </Filter>
    <Filter Include="Math\shape">
      <UniqueIdentifier>{332bf928-b622-4b13-8232-f668158f8219}</UniqueIdentifier>
    </Filter>
    <Filter Include="Platform">
      <UniqueIdentifier>{d20bfacb-6c29-4f9d-97ce-444d001c6111}</UniqueIdentifier>
    </Filter>
    <Filter Include="Math\basic">
      <UniqueIdentifier>{3fc03a6a-ecaf-42bf-a0d9-0247a75a0318}</UniqueIdentifier>
    </Filter>
    <Filter Include="Renderer\Sprite">
      <UniqueIdentifier>{cc67e17d-f386-40af-b8a8-eba83ec67077}</UniqueIdentifier>
    </Filter>
    <Filter Include="Core\Time">
      <UniqueIdentifier>{018ab54c-492e-4746-ace1-a6656c2e6f72}</UniqueIdentifier>
    </Filter>
    <Filter Include="Renderer\DebugRenderSystem">
      <UniqueIdentifier>{e60dd3c3-4439-4d79-a7b3-3787d363b5d2}</UniqueIdentifier>
    </Filter>
    <Filter Include="physics">
      <UniqueIdentifier>{3f0da5f4-0e33-463e-bc33-c68f606484e6}</UniqueIdentifier>
    </Filter>
    <Filter Include="Core\VerticesStructure">
      <UniqueIdentifier>{376aac44-a2b7-4486-817b-ab544858a728}</UniqueIdentifier>
    </Filter>
    <Filter Include="Core\Error">
      <UniqueIdentifier>{111650fb-b68d-47dd-b589-da1a59b7bbfa}</UniqueIdentifier>
    </Filter>
    <Filter Include="Core\Event">
      <UniqueIdentifier>{94e001a0-a785-462c-84c8-9f54fc23e7ac}</UniqueIdentifier>
    </Filter>
    <Filter Include="Core\DevConsole">
      <UniqueIdentifier>{d7545344-6df0-4137-83bc-ee280e950779}</UniqueIdentifier>
    </Filter>
    <Filter Include="Core\Utils">
      <UniqueIdentifier>{e4e94c4b-673b-4d29-95c2-f52ae39ecce1}</UniqueIdentifier>
    </Filter>
    <Filter Include="Renderer\GPU">
      <UniqueIdentifier>{d0e4c9e4-827e-4ea3-9f8d-d2630e7f32b5}</UniqueIdentifier>
    </Filter>
    <Filter Include="Renderer\Obj">
      <UniqueIdentifier>{8bf658d5-79d5-4518-8111-c101ec292db7}</UniqueIdentifier>
    </Filter>
    <Filter Include="Renderer\Context">
      <UniqueIdentifier>{9dc57baf-15ea-40e3-9c8e-3105a177cbfd}</UniqueIdentifier>
    </Filter>
  </ItemGroup>
  <ItemGroup>
    <ClCompile Include="Core\Rgba8.cpp">
      <Filter>Core</Filter>
    </ClCompile>
    <ClCompile Include="Input\AnalogJoystick.cpp">
      <Filter>Input</Filter>
    </ClCompile>
    <ClCompile Include="Input\InputSystem.cpp">
      <Filter>Input</Filter>
    </ClCompile>
    <ClCompile Include="Input\KeyButtonState.cpp">
      <Filter>Input</Filter>
    </ClCompile>
    <ClCompile Include="Input\XboxController.cpp">
      <Filter>Input</Filter>
    </ClCompile>
    <ClCompile Include="Input\KeyBoardController.cpp">
      <Filter>Input</Filter>
    </ClCompile>
    <ClCompile Include="Core\Image.cpp">
      <Filter>Core</Filter>
    </ClCompile>
    <ClCompile Include="Audio\AudioSystem.cpp">
      <Filter>Audio</Filter>
    </ClCompile>
    <ClCompile Include="..\ThirdParty\TinyXML2\tinyxml2.cpp">
      <Filter>ThirdParty</Filter>
    </ClCompile>
    <ClCompile Include="Core\NamedStrings.cpp">
      <Filter>Core</Filter>
    </ClCompile>
    <ClCompile Include="Core\EngineCommon.cpp">
      <Filter>Core</Filter>
    </ClCompile>
    <ClCompile Include="Input\MouseController.cpp">
      <Filter>Input</Filter>
    </ClCompile>
    <ClCompile Include="Math\AABB2.cpp">
      <Filter>Math\shape</Filter>
    </ClCompile>
    <ClCompile Include="Math\Capsule2.cpp">
      <Filter>Math\shape</Filter>
    </ClCompile>
    <ClCompile Include="Math\LineSegment2.cpp">
      <Filter>Math\shape</Filter>
    </ClCompile>
    <ClCompile Include="Math\OBB2.cpp">
      <Filter>Math\shape</Filter>
    </ClCompile>
    <ClCompile Include="Math\FloatRange.cpp">
      <Filter>Math\basic</Filter>
    </ClCompile>
    <ClCompile Include="Math\IntRange.cpp">
      <Filter>Math\basic</Filter>
    </ClCompile>
    <ClCompile Include="Math\IntVec2.cpp">
      <Filter>Math\basic</Filter>
    </ClCompile>
    <ClCompile Include="Math\Mat44.cpp">
      <Filter>Math\basic</Filter>
    </ClCompile>
    <ClCompile Include="Math\MathUtils.cpp">
      <Filter>Math\basic</Filter>
    </ClCompile>
    <ClCompile Include="Math\RandomNumberGenerator.cpp">
      <Filter>Math\basic</Filter>
    </ClCompile>
    <ClCompile Include="Math\RawNoise.cpp">
      <Filter>Math\basic</Filter>
    </ClCompile>
    <ClCompile Include="Math\SmoothNoise.cpp">
      <Filter>Math\basic</Filter>
    </ClCompile>
    <ClCompile Include="Math\Vec2.cpp">
      <Filter>Math\basic</Filter>
    </ClCompile>
    <ClCompile Include="Math\Vec3.cpp">
      <Filter>Math\basic</Filter>
    </ClCompile>
    <ClCompile Include="Math\Vec4.cpp">
      <Filter>Math\basic</Filter>
    </ClCompile>
    <ClCompile Include="Math\Disc2.cpp">
      <Filter>Math\shape</Filter>
    </ClCompile>
    <ClCompile Include="Math\Polygon2.cpp">
      <Filter>Math\shape</Filter>
    </ClCompile>
    <ClCompile Include="Math\Plane2.cpp">
      <Filter>Math\shape</Filter>
    </ClCompile>
    <ClCompile Include="Platform\Window.cpp">
      <Filter>Platform</Filter>
    </ClCompile>
    <ClCompile Include="Core\Transform.cpp">
      <Filter>Core</Filter>
    </ClCompile>
    <ClCompile Include="Core\Time\Clock.cpp">
      <Filter>Core\Time</Filter>
    </ClCompile>
    <ClCompile Include="Core\Time\Time.cpp">
      <Filter>Core\Time</Filter>
    </ClCompile>
    <ClCompile Include="Core\Time\Timer.cpp">
      <Filter>Core\Time</Filter>
    </ClCompile>
    <ClCompile Include="Math\AABB3.cpp">
      <Filter>Math\shape</Filter>
    </ClCompile>
    <ClCompile Include="Math\Cylinder3.cpp">
      <Filter>Math\shape</Filter>
    </ClCompile>
    <ClCompile Include="Math\Cone3.cpp">
      <Filter>Math\shape</Filter>
    </ClCompile>
    <ClCompile Include="Math\OBB3.cpp">
      <Filter>Math\shape</Filter>
    </ClCompile>
    <ClCompile Include="Physics\Collider2D.cpp">
      <Filter>physics</Filter>
    </ClCompile>
    <ClCompile Include="Physics\Collision2D.cpp">
      <Filter>physics</Filter>
    </ClCompile>
    <ClCompile Include="Physics\DiscCollider2D.cpp">
      <Filter>physics</Filter>
    </ClCompile>
    <ClCompile Include="Physics\Physics2D.cpp">
      <Filter>physics</Filter>
    </ClCompile>
    <ClCompile Include="Physics\PhysicsMaterial.cpp">
      <Filter>physics</Filter>
    </ClCompile>
    <ClCompile Include="Physics\PolygonCollider2D.cpp">
      <Filter>physics</Filter>
    </ClCompile>
    <ClCompile Include="Physics\RaycastResult.cpp">
      <Filter>physics</Filter>
    </ClCompile>
    <ClCompile Include="Physics\RigidBody2D.cpp">
      <Filter>physics</Filter>
    </ClCompile>
    <ClCompile Include="Math\Algorithm.cpp">
      <Filter>Math\basic</Filter>
    </ClCompile>
    <ClCompile Include="Math\IntVec3.cpp">
      <Filter>Math\basic</Filter>
    </ClCompile>
    <ClCompile Include="ThirdParty\mikktspace.c">
      <Filter>ThirdParty</Filter>
    </ClCompile>
    <ClCompile Include="Core\NamedProperties.cpp">
      <Filter>Core</Filter>
    </ClCompile>
    <ClCompile Include="Core\Error\ErrorWarningAssert.cpp">
      <Filter>Core\Error</Filter>
    </ClCompile>
    <ClCompile Include="Core\Vertex\Vertex_PCU.cpp">
      <Filter>Core\VerticesStructure</Filter>
    </ClCompile>
    <ClCompile Include="Core\Vertex\Vertex_PCUTBN.cpp">
      <Filter>Core\VerticesStructure</Filter>
    </ClCompile>
    <ClCompile Include="Core\Event\Delegate.cpp">
      <Filter>Core\Event</Filter>
    </ClCompile>
    <ClCompile Include="Core\Event\EventSystem.cpp">
      <Filter>Core\Event</Filter>
    </ClCompile>
    <ClCompile Include="Core\DevConsole\DevConsole.cpp">
      <Filter>Core\DevConsole</Filter>
    </ClCompile>
    <ClCompile Include="Core\Utils\StringUtils.cpp">
      <Filter>Core\Utils</Filter>
    </ClCompile>
    <ClCompile Include="Core\Utils\XmlUtils.cpp">
      <Filter>Core\Utils</Filter>
    </ClCompile>
    <ClCompile Include="Renderer\GPU\GPUMesh.cpp">
      <Filter>Renderer\GPU</Filter>
    </ClCompile>
    <ClCompile Include="Renderer\GPU\IndexBuffer.cpp">
      <Filter>Renderer\GPU</Filter>
    </ClCompile>
    <ClCompile Include="Renderer\GPU\Material.cpp">
      <Filter>Renderer\GPU</Filter>
    </ClCompile>
    <ClCompile Include="Renderer\GPU\RenderBuffer.cpp">
      <Filter>Renderer\GPU</Filter>
    </ClCompile>
    <ClCompile Include="Renderer\GPU\Sampler.cpp">
      <Filter>Renderer\GPU</Filter>
    </ClCompile>
    <ClCompile Include="Renderer\GPU\Shader.cpp">
      <Filter>Renderer\GPU</Filter>
    </ClCompile>
    <ClCompile Include="Renderer\GPU\ShaderState.cpp">
      <Filter>Renderer\GPU</Filter>
    </ClCompile>
    <ClCompile Include="Renderer\GPU\SwapChain.cpp">
      <Filter>Renderer\GPU</Filter>
    </ClCompile>
    <ClCompile Include="Renderer\GPU\Texture.cpp">
      <Filter>Renderer\GPU</Filter>
    </ClCompile>
    <ClCompile Include="Renderer\GPU\TextureView.cpp">
      <Filter>Renderer\GPU</Filter>
    </ClCompile>
    <ClCompile Include="Renderer\GPU\VertexBuffer.cpp">
      <Filter>Renderer\GPU</Filter>
    </ClCompile>
    <ClCompile Include="Renderer\Debug\DebugRender.cpp">
      <Filter>Renderer\DebugRenderSystem</Filter>
    </ClCompile>
    <ClCompile Include="Renderer\Debug\DebugRenderObject.cpp">
      <Filter>Renderer\DebugRenderSystem</Filter>
    </ClCompile>
    <ClCompile Include="Renderer\Sprite\BitmapFont.cpp">
      <Filter>Renderer\Sprite</Filter>
    </ClCompile>
    <ClCompile Include="Renderer\Sprite\SpriteAnimDefinition.cpp">
      <Filter>Renderer\Sprite</Filter>
    </ClCompile>
    <ClCompile Include="Renderer\Sprite\SpriteDefinition.cpp">
      <Filter>Renderer\Sprite</Filter>
    </ClCompile>
    <ClCompile Include="Renderer\Sprite\SpriteSheet.cpp">
      <Filter>Renderer\Sprite</Filter>
    </ClCompile>
    <ClCompile Include="Renderer\Obj\ObjectReader.cpp">
      <Filter>Renderer\Obj</Filter>
    </ClCompile>
    <ClCompile Include="Renderer\Context\Camera.cpp">
      <Filter>Renderer\Context</Filter>
    </ClCompile>
    <ClCompile Include="Renderer\Context\RenderContext.cpp">
      <Filter>Renderer\Context</Filter>
    </ClCompile>
    <ClCompile Include="Core\Utils\MeshUtils.cpp">
      <Filter>Core\Utils</Filter>
    </ClCompile>
  </ItemGroup>
  <ItemGroup>
    <ClInclude Include="Core\Rgba8.hpp">
      <Filter>Core</Filter>
    </ClInclude>
    <ClInclude Include="Core\EngineCommon.hpp">
      <Filter>Core</Filter>
    </ClInclude>
    <ClInclude Include="Input\AnalogJoystick.hpp">
      <Filter>Input</Filter>
    </ClInclude>
    <ClInclude Include="Input\InputSystem.hpp">
      <Filter>Input</Filter>
    </ClInclude>
    <ClInclude Include="Input\KeyButtonState.hpp">
      <Filter>Input</Filter>
    </ClInclude>
    <ClInclude Include="Input\XboxController.hpp">
      <Filter>Input</Filter>
    </ClInclude>
    <ClInclude Include="Input\KeyBoardController.hpp">
      <Filter>Input</Filter>
    </ClInclude>
    <ClInclude Include="Audio\AudioSystem.hpp">
      <Filter>Audio</Filter>
    </ClInclude>
    <ClInclude Include="..\ThirdParty\fmod\fmod.h">
      <Filter>Audio</Filter>
    </ClInclude>
    <ClInclude Include="..\ThirdParty\fmod\fmod.hpp">
      <Filter>Audio</Filter>
    </ClInclude>
    <ClInclude Include="..\ThirdParty\fmod\fmod_codec.h">
      <Filter>Audio</Filter>
    </ClInclude>
    <ClInclude Include="..\ThirdParty\fmod\fmod_common.h">
      <Filter>Audio</Filter>
    </ClInclude>
    <ClInclude Include="..\ThirdParty\fmod\fmod_dsp.h">
      <Filter>Audio</Filter>
    </ClInclude>
    <ClInclude Include="..\ThirdParty\fmod\fmod_dsp_effects.h">
      <Filter>Audio</Filter>
    </ClInclude>
    <ClInclude Include="..\ThirdParty\fmod\fmod_errors.h">
      <Filter>Audio</Filter>
    </ClInclude>
    <ClInclude Include="..\ThirdParty\fmod\fmod_output.h">
      <Filter>Audio</Filter>
    </ClInclude>
    <ClInclude Include="Core\Image.hpp">
      <Filter>Core</Filter>
    </ClInclude>
    <ClInclude Include="..\ThirdParty\TinyXML2\tinyxml2.h">
      <Filter>ThirdParty</Filter>
    </ClInclude>
    <ClInclude Include="Core\NamedStrings.hpp">
      <Filter>Core</Filter>
    </ClInclude>
    <ClInclude Include="Input\MouseController.hpp">
      <Filter>Input</Filter>
    </ClInclude>
    <ClInclude Include="Math\AABB2.hpp">
      <Filter>Math\shape</Filter>
    </ClInclude>
    <ClInclude Include="Math\Capsule2.hpp">
      <Filter>Math\shape</Filter>
    </ClInclude>
    <ClInclude Include="Math\LineSegment2.hpp">
      <Filter>Math\shape</Filter>
    </ClInclude>
    <ClInclude Include="Math\OBB2.hpp">
      <Filter>Math\shape</Filter>
    </ClInclude>
    <ClInclude Include="Math\FloatRange.hpp">
      <Filter>Math\basic</Filter>
    </ClInclude>
    <ClInclude Include="Math\IntRange.hpp">
      <Filter>Math\basic</Filter>
    </ClInclude>
    <ClInclude Include="Math\IntVec2.hpp">
      <Filter>Math\basic</Filter>
    </ClInclude>
    <ClInclude Include="Math\Mat44.hpp">
      <Filter>Math\basic</Filter>
    </ClInclude>
    <ClInclude Include="Math\MathUtils.hpp">
      <Filter>Math\basic</Filter>
    </ClInclude>
    <ClInclude Include="Math\RandomNumberGenerator.hpp">
      <Filter>Math\basic</Filter>
    </ClInclude>
    <ClInclude Include="Math\RawNoise.hpp">
      <Filter>Math\basic</Filter>
    </ClInclude>
    <ClInclude Include="Math\SmoothNoise.hpp">
      <Filter>Math\basic</Filter>
    </ClInclude>
    <ClInclude Include="Math\vec2.hpp">
      <Filter>Math\basic</Filter>
    </ClInclude>
    <ClInclude Include="Math\Vec3.hpp">
      <Filter>Math\basic</Filter>
    </ClInclude>
    <ClInclude Include="Math\Vec4.hpp">
      <Filter>Math\basic</Filter>
    </ClInclude>
    <ClInclude Include="Math\Disc2.hpp">
      <Filter>Math\shape</Filter>
    </ClInclude>
    <ClInclude Include="Math\Polygon2.hpp">
      <Filter>Math\shape</Filter>
    </ClInclude>
    <ClInclude Include="Math\Plane2.hpp">
      <Filter>Math\shape</Filter>
    </ClInclude>
    <ClInclude Include="Platform\Window.hpp">
      <Filter>Platform</Filter>
    </ClInclude>
    <ClInclude Include="Renderer\D3D11Common.hpp">
      <Filter>Renderer</Filter>
    </ClInclude>
    <ClInclude Include="Renderer\RenderCommon.hpp">
      <Filter>Renderer</Filter>
    </ClInclude>
    <ClInclude Include="Core\Transform.hpp">
      <Filter>Core</Filter>
    </ClInclude>
    <ClInclude Include="Core\Time\Clock.hpp">
      <Filter>Core\Time</Filter>
    </ClInclude>
    <ClInclude Include="Core\Time\Time.hpp">
      <Filter>Core\Time</Filter>
    </ClInclude>
    <ClInclude Include="Core\Time\Timer.hpp">
      <Filter>Core\Time</Filter>
    </ClInclude>
    <ClInclude Include="Math\AABB3.hpp">
      <Filter>Math\shape</Filter>
    </ClInclude>
    <ClInclude Include="Math\Cylinder3.hpp">
      <Filter>Math\shape</Filter>
    </ClInclude>
    <ClInclude Include="Math\Cone3.hpp">
      <Filter>Math\shape</Filter>
    </ClInclude>
    <ClInclude Include="Math\OBB3.hpp">
      <Filter>Math\shape</Filter>
    </ClInclude>
    <ClInclude Include="Physics\Collider2D.hpp">
      <Filter>physics</Filter>
    </ClInclude>
    <ClInclude Include="Physics\Collision2D.hpp">
      <Filter>physics</Filter>
    </ClInclude>
    <ClInclude Include="Physics\DiscCollider2D.hpp">
      <Filter>physics</Filter>
    </ClInclude>
    <ClInclude Include="Physics\Physics2D.hpp">
      <Filter>physics</Filter>
    </ClInclude>
    <ClInclude Include="Physics\PhysicsMaterial.hpp">
      <Filter>physics</Filter>
    </ClInclude>
    <ClInclude Include="Physics\PolygonCollider2D.hpp">
      <Filter>physics</Filter>
    </ClInclude>
    <ClInclude Include="Physics\RaycastResult.hpp">
      <Filter>physics</Filter>
    </ClInclude>
    <ClInclude Include="Physics\RigidBody2D.hpp">
      <Filter>physics</Filter>
    </ClInclude>
    <ClInclude Include="Math\Algorithm.hpp">
      <Filter>Math\basic</Filter>
    </ClInclude>
    <ClInclude Include="Math\IntVec3.hpp">
      <Filter>Math\basic</Filter>
    </ClInclude>
    <ClInclude Include="ThirdParty\mikktspace.h">
      <Filter>ThirdParty</Filter>
    </ClInclude>
    <ClInclude Include="Core\NamedProperties.hpp">
      <Filter>Core</Filter>
    </ClInclude>
    <ClInclude Include="Core\Error\ErrorWarningAssert.hpp">
      <Filter>Core\Error</Filter>
    </ClInclude>
    <ClInclude Include="Core\Vertex\Vertex_PCU.hpp">
      <Filter>Core\VerticesStructure</Filter>
    </ClInclude>
    <ClInclude Include="Core\Vertex\Vertex_PCUTBN.hpp">
      <Filter>Core\VerticesStructure</Filter>
    </ClInclude>
    <ClInclude Include="Core\Event\ConsumableDelegate.hpp">
      <Filter>Core\Event</Filter>
    </ClInclude>
    <ClInclude Include="Core\Event\Delegate.hpp">
      <Filter>Core\Event</Filter>
    </ClInclude>
    <ClInclude Include="Core\Event\EventSystem.hpp">
      <Filter>Core\Event</Filter>
    </ClInclude>
    <ClInclude Include="Core\DevConsole\DevConsole.hpp">
      <Filter>Core\DevConsole</Filter>
    </ClInclude>
    <ClInclude Include="Core\Utils\StringUtils.hpp">
      <Filter>Core\Utils</Filter>
    </ClInclude>
    <ClInclude Include="Core\Utils\XmlUtils.hpp">
      <Filter>Core\Utils</Filter>
    </ClInclude>
    <ClInclude Include="Renderer\GPU\GPUMesh.hpp">
      <Filter>Renderer\GPU</Filter>
    </ClInclude>
    <ClInclude Include="Renderer\GPU\IndexBuffer.hpp">
      <Filter>Renderer\GPU</Filter>
    </ClInclude>
    <ClInclude Include="Renderer\GPU\Material.hpp">
      <Filter>Renderer\GPU</Filter>
    </ClInclude>
    <ClInclude Include="Renderer\GPU\RenderBuffer.hpp">
      <Filter>Renderer\GPU</Filter>
    </ClInclude>
    <ClInclude Include="Renderer\GPU\Sampler.hpp">
      <Filter>Renderer\GPU</Filter>
    </ClInclude>
    <ClInclude Include="Renderer\GPU\Shader.hpp">
      <Filter>Renderer\GPU</Filter>
    </ClInclude>
    <ClInclude Include="Renderer\GPU\ShaderState.hpp">
      <Filter>Renderer\GPU</Filter>
    </ClInclude>
    <ClInclude Include="Renderer\GPU\SwapChain.hpp">
      <Filter>Renderer\GPU</Filter>
    </ClInclude>
    <ClInclude Include="Renderer\GPU\Texture.hpp">
      <Filter>Renderer\GPU</Filter>
    </ClInclude>
    <ClInclude Include="Renderer\GPU\TextureView.hpp">
      <Filter>Renderer\GPU</Filter>
    </ClInclude>
    <ClInclude Include="Renderer\GPU\VertexBuffer.hpp">
      <Filter>Renderer\GPU</Filter>
    </ClInclude>
    <ClInclude Include="Renderer\Debug\DebugRender.hpp">
      <Filter>Renderer\DebugRenderSystem</Filter>
    </ClInclude>
    <ClInclude Include="Renderer\Debug\DebugRenderObject.hpp">
      <Filter>Renderer\DebugRenderSystem</Filter>
    </ClInclude>
    <ClInclude Include="Renderer\Sprite\BitmapFont.hpp">
      <Filter>Renderer\Sprite</Filter>
    </ClInclude>
    <ClInclude Include="Renderer\Sprite\SpriteAnimDefinition.hpp">
      <Filter>Renderer\Sprite</Filter>
    </ClInclude>
    <ClInclude Include="Renderer\Sprite\SpriteDefinition.hpp">
      <Filter>Renderer\Sprite</Filter>
    </ClInclude>
    <ClInclude Include="Renderer\Sprite\SpriteSheet.hpp">
      <Filter>Renderer\Sprite</Filter>
    </ClInclude>
    <ClInclude Include="Renderer\Obj\ObjectReader.hpp">
      <Filter>Renderer\Obj</Filter>
    </ClInclude>
    <ClInclude Include="Renderer\Context\Camera.hpp">
      <Filter>Renderer\Context</Filter>
    </ClInclude>
    <ClInclude Include="Renderer\Context\RenderContext.hpp">
      <Filter>Renderer\Context</Filter>
    </ClInclude>
    <ClInclude Include="Core\Utils\MeshUtils.hpp">
      <Filter>Core\Utils</Filter>
    </ClInclude>
  </ItemGroup>
</Project>